Microsoft Visual Studio Solution File, Format Version 12.00
# Visual Studio Version 17
VisualStudioVersion = 17.5.2.0
MinimumVisualStudioVersion = 10.0.40219.1
Project("{FAE04EC0-301F-11D3-BF4B-00C04F79EFBC}") = "logistics-frontend", "logistics-frontend.csproj", "{BA68ABB6-A2A5-0765-CDC1-27003C4A9C2F}"
EndProject
Global
	GlobalSection(SolutionConfigurationPlatforms) = preSolution
		Debug|Any CPU = Debug|Any CPU
		Release|Any CPU = Release|Any CPU
	EndGlobalSection
	GlobalSection(ProjectConfigurationPlatforms) = postSolution
		{BA68ABB6-A2A5-0765-CDC1-27003C4A9C2F}.Debug|Any CPU.ActiveCfg = Debug|Any CPU
		{BA68ABB6-A2A5-0765-CDC1-27003C4A9C2F}.Debug|Any CPU.Build.0 = Debug|Any CPU
		{BA68ABB6-A2A5-0765-CDC1-27003C4A9C2F}.Release|Any CPU.ActiveCfg = Release|Any CPU
		{BA68ABB6-A2A5-0765-CDC1-27003C4A9C2F}.Release|Any CPU.Build.0 = Release|Any CPU
	EndGlobalSection
	GlobalSection(SolutionProperties) = preSolution
		HideSolutionNode = FALSE
	EndGlobalSection
	GlobalSection(ExtensibilityGlobals) = postSolution
		SolutionGuid = {F09BE1A9-98BE-4AF0-B69A-E590D72E0852}
	EndGlobalSection
EndGlobal
